
Microsoft Visual Studio Solution File, Format Version 12.00
# Visual Studio Version 17
VisualStudioVersion = 17.4.33103.184
MinimumVisualStudioVersion = 10.0.40219.1
Project("{FAE04EC0-301F-11D3-BF4B-00C04F79EFBC}") = "EntityFrameWorkModel", "EntityFrameWorkModel\EntityFrameWorkModel.csproj", "{3C178E5F-E542-46DE-AF5F-76972EDE9D7B}"
EndProject
Project("{FAE04EC0-301F-11D3-BF4B-00C04F79EFBC}") = "AddtionalModelsOrBusinessClass", "AddtionalModelsOrBusinessClass\AddtionalModelsOrBusinessClass.csproj", "{94AB7587-8B51-4AF6-B39C-DE9C60D28117}"
EndProject
Project("{00D1A9C2-B5F0-4AF3-8072-F6C62B433612}") = "Database", "Database\Database.sqlproj", "{33C98D4E-A7BE-4069-B3F8-44BB05D35964}"
EndProject
Project("{FAE04EC0-301F-11D3-BF4B-00C04F79EFBC}") = "DisplayLayer", "Task 7\DisplayLayer.csproj", "{060812BC-2522-42E7-AEDC-5C0EFB1735F9}"
EndProject
Project("{FAE04EC0-301F-11D3-BF4B-00C04F79EFBC}") = "WebAPI", "WebAPI\WebAPI.csproj", "{36CB15A2-86B1-4A5B-A9F4-23DD3BCEA8B3}"
EndProject
Global
	GlobalSection(SolutionConfigurationPlatforms) = preSolution
		Debug|Any CPU = Debug|Any CPU
		Release|Any CPU = Release|Any CPU
	EndGlobalSection
	GlobalSection(ProjectConfigurationPlatforms) = postSolution
		{3C178E5F-E542-46DE-AF5F-76972EDE9D7B}.Debug|Any CPU.ActiveCfg = Debug|Any CPU
		{3C178E5F-E542-46DE-AF5F-76972EDE9D7B}.Debug|Any CPU.Build.0 = Debug|Any CPU
		{3C178E5F-E542-46DE-AF5F-76972EDE9D7B}.Release|Any CPU.ActiveCfg = Release|Any CPU
		{3C178E5F-E542-46DE-AF5F-76972EDE9D7B}.Release|Any CPU.Build.0 = Release|Any CPU
		{94AB7587-8B51-4AF6-B39C-DE9C60D28117}.Debug|Any CPU.ActiveCfg = Debug|Any CPU
		{94AB7587-8B51-4AF6-B39C-DE9C60D28117}.Debug|Any CPU.Build.0 = Debug|Any CPU
		{94AB7587-8B51-4AF6-B39C-DE9C60D28117}.Release|Any CPU.ActiveCfg = Release|Any CPU
		{94AB7587-8B51-4AF6-B39C-DE9C60D28117}.Release|Any CPU.Build.0 = Release|Any CPU
		{33C98D4E-A7BE-4069-B3F8-44BB05D35964}.Debug|Any CPU.ActiveCfg = Debug|Any CPU
		{33C98D4E-A7BE-4069-B3F8-44BB05D35964}.Debug|Any CPU.Build.0 = Debug|Any CPU
		{33C98D4E-A7BE-4069-B3F8-44BB05D35964}.Debug|Any CPU.Deploy.0 = Debug|Any CPU
		{33C98D4E-A7BE-4069-B3F8-44BB05D35964}.Release|Any CPU.ActiveCfg = Release|Any CPU
		{33C98D4E-A7BE-4069-B3F8-44BB05D35964}.Release|Any CPU.Build.0 = Release|Any CPU
		{33C98D4E-A7BE-4069-B3F8-44BB05D35964}.Release|Any CPU.Deploy.0 = Release|Any CPU
		{060812BC-2522-42E7-AEDC-5C0EFB1735F9}.Debug|Any CPU.ActiveCfg = Debug|Any CPU
		{060812BC-2522-42E7-AEDC-5C0EFB1735F9}.Debug|Any CPU.Build.0 = Debug|Any CPU
		{060812BC-2522-42E7-AEDC-5C0EFB1735F9}.Release|Any CPU.ActiveCfg = Release|Any CPU
		{060812BC-2522-42E7-AEDC-5C0EFB1735F9}.Release|Any CPU.Build.0 = Release|Any CPU
		{36CB15A2-86B1-4A5B-A9F4-23DD3BCEA8B3}.Debug|Any CPU.ActiveCfg = Debug|Any CPU
		{36CB15A2-86B1-4A5B-A9F4-23DD3BCEA8B3}.Debug|Any CPU.Build.0 = Debug|Any CPU
		{36CB15A2-86B1-4A5B-A9F4-23DD3BCEA8B3}.Release|Any CPU.ActiveCfg = Release|Any CPU
		{36CB15A2-86B1-4A5B-A9F4-23DD3BCEA8B3}.Release|Any CPU.Build.0 = Release|Any CPU
	EndGlobalSection
	GlobalSection(SolutionProperties) = preSolution
		HideSolutionNode = FALSE
	EndGlobalSection
	GlobalSection(ExtensibilityGlobals) = postSolution
		SolutionGuid = {28201F62-CEA3-4C51-9A24-FBC9B8E64CDD}
	EndGlobalSection
EndGlobal
